// !$*UTF8*$!
{
	archiveVersion = 1;
	classes = {
	};
	objectVersion = 56;
	objects = {

/* Begin PBXBuildFile section */
		09E09F0EE01DD6C1F262FD1B /* Pods_bambooTests.framework in Frameworks */ = {isa = PBXBuildFile; fileRef = B66D56879D201C03E2D8F083 /* Pods_bambooTests.framework */; };
		4B2D8D4407786DD0C11317CC /* Pods_bamboo_bambooUITests.framework in Frameworks */ = {isa = PBXBuildFile; fileRef = 08B22B52AA4B60F8BB535A55 /* Pods_bamboo_bambooUITests.framework */; };
		7D39424284414EE361F7D3C7 /* Pods_bamboo.framework in Frameworks */ = {isa = PBXBuildFile; fileRef = 29A536DE793FF6AFAAA68404 /* Pods_bamboo.framework */; };
		CB0B4F532A012E3C00C75735 /* GoogleService-Info.plist in Resources */ = {isa = PBXBuildFile; fileRef = CB0B4F522A012E3C00C75735 /* GoogleService-Info.plist */; };
		CB2FA93829F54B450009F39F /* UIHelper.swift in Sources */ = {isa = PBXBuildFile; fileRef = CB2FA93729F54B450009F39F /* UIHelper.swift */; };
		CB2FA93B29F54B870009F39F /* UIColor+Ext.swift in Sources */ = {isa = PBXBuildFile; fileRef = CB2FA93A29F54B870009F39F /* UIColor+Ext.swift */; };
		CB2FA93F29F5544B0009F39F /* HomeVC.swift in Sources */ = {isa = PBXBuildFile; fileRef = CB2FA93E29F5544B0009F39F /* HomeVC.swift */; };
		CB2FA94129F554690009F39F /* WritePostVC.swift in Sources */ = {isa = PBXBuildFile; fileRef = CB2FA94029F554690009F39F /* WritePostVC.swift */; };
		CB2FA94329F554750009F39F /* MyPageVC.swift in Sources */ = {isa = PBXBuildFile; fileRef = CB2FA94229F554750009F39F /* MyPageVC.swift */; };
		CB2FA94729F5B7170009F39F /* OnboardingVC.swift in Sources */ = {isa = PBXBuildFile; fileRef = CB2FA94629F5B7170009F39F /* OnboardingVC.swift */; };
		CB2FA94A29F5B7910009F39F /* BambooLabel.swift in Sources */ = {isa = PBXBuildFile; fileRef = CB2FA94929F5B7910009F39F /* BambooLabel.swift */; };
		CB2FA94D29F5B8350009F39F /* LabelButton.swift in Sources */ = {isa = PBXBuildFile; fileRef = CB2FA94C29F5B8350009F39F /* LabelButton.swift */; };
		CB52566229F6D8550018E604 /* UserDefaults+Ext.swift in Sources */ = {isa = PBXBuildFile; fileRef = CB52566129F6D8550018E604 /* UserDefaults+Ext.swift */; };
		CB52566429F6DA270018E604 /* LoginVC.swift in Sources */ = {isa = PBXBuildFile; fileRef = CB52566329F6DA270018E604 /* LoginVC.swift */; };
		CB586FA12A04FC3000827590 /* UnregisterVC.swift in Sources */ = {isa = PBXBuildFile; fileRef = CB586FA02A04FC3000827590 /* UnregisterVC.swift */; };
		CB586FA32A0512A000827590 /* PressableButton.swift in Sources */ = {isa = PBXBuildFile; fileRef = CB586FA22A0512A000827590 /* PressableButton.swift */; };
		CB586FA62A05146F00827590 /* PressableTableViewCell.swift in Sources */ = {isa = PBXBuildFile; fileRef = CB586FA52A05146F00827590 /* PressableTableViewCell.swift */; };
		CB87F49029FE48730025B67A /* MyPageTableViewCell.swift in Sources */ = {isa = PBXBuildFile; fileRef = CB87F48F29FE48730025B67A /* MyPageTableViewCell.swift */; };
		CB87F49229FE66A00025B67A /* NetworkManager.swift in Sources */ = {isa = PBXBuildFile; fileRef = CB87F49129FE66A00025B67A /* NetworkManager.swift */; };
		CB87F49629FE6A050025B67A /* User.swift in Sources */ = {isa = PBXBuildFile; fileRef = CB87F49529FE6A050025B67A /* User.swift */; };
		CB87F49829FE6AC90025B67A /* UserVM.swift in Sources */ = {isa = PBXBuildFile; fileRef = CB87F49729FE6AC90025B67A /* UserVM.swift */; };
		CB87F49A29FFCEB00025B67A /* EditProfileVC.swift in Sources */ = {isa = PBXBuildFile; fileRef = CB87F49929FFCEB00025B67A /* EditProfileVC.swift */; };
		CBA1C05C29F7F7290098723E /* AuthButton.swift in Sources */ = {isa = PBXBuildFile; fileRef = CBA1C05B29F7F7290098723E /* AuthButton.swift */; };
		CBA1C05E29F817E50098723E /* KakaoAuthButton.swift in Sources */ = {isa = PBXBuildFile; fileRef = CBA1C05D29F817E50098723E /* KakaoAuthButton.swift */; };
		CBA1C06029F818410098723E /* GoogleAuthButton.swift in Sources */ = {isa = PBXBuildFile; fileRef = CBA1C05F29F818410098723E /* GoogleAuthButton.swift */; };
		CBA1C06229F818530098723E /* AppleAuthButton.swift in Sources */ = {isa = PBXBuildFile; fileRef = CBA1C06129F818530098723E /* AppleAuthButton.swift */; };
		CBCD43CE29F055950057CBEA /* AppDelegate.swift in Sources */ = {isa = PBXBuildFile; fileRef = CBCD43CD29F055950057CBEA /* AppDelegate.swift */; };
		CBCD43D029F055950057CBEA /* SceneDelegate.swift in Sources */ = {isa = PBXBuildFile; fileRef = CBCD43CF29F055950057CBEA /* SceneDelegate.swift */; };
		CBCD43D729F055970057CBEA /* Assets.xcassets in Resources */ = {isa = PBXBuildFile; fileRef = CBCD43D629F055970057CBEA /* Assets.xcassets */; };
		CBCD43DA29F055970057CBEA /* LaunchScreen.storyboard in Resources */ = {isa = PBXBuildFile; fileRef = CBCD43D829F055970057CBEA /* LaunchScreen.storyboard */; };
		CBCD43E529F055970057CBEA /* bambooTests.swift in Sources */ = {isa = PBXBuildFile; fileRef = CBCD43E429F055970057CBEA /* bambooTests.swift */; };
		CBCD43EF29F055970057CBEA /* bambooUITests.swift in Sources */ = {isa = PBXBuildFile; fileRef = CBCD43EE29F055970057CBEA /* bambooUITests.swift */; };
		CBCD43F129F055970057CBEA /* bambooUITestsLaunchTests.swift in Sources */ = {isa = PBXBuildFile; fileRef = CBCD43F029F055970057CBEA /* bambooUITestsLaunchTests.swift */; };
		CBCD43FE29F058400057CBEA /* RootTabBarController.swift in Sources */ = {isa = PBXBuildFile; fileRef = CBCD43FD29F058400057CBEA /* RootTabBarController.swift */; };
/* End PBXBuildFile section */

/* Begin PBXContainerItemProxy section */
		CBCD43E129F055970057CBEA /* PBXContainerItemProxy */ = {
			isa = PBXContainerItemProxy;
			containerPortal = CBCD43C229F055950057CBEA /* Project object */;
			proxyType = 1;
			remoteGlobalIDString = CBCD43C929F055950057CBEA;
			remoteInfo = bamboo;
		};
		CBCD43EB29F055970057CBEA /* PBXContainerItemProxy */ = {
			isa = PBXContainerItemProxy;
			containerPortal = CBCD43C229F055950057CBEA /* Project object */;
			proxyType = 1;
			remoteGlobalIDString = CBCD43C929F055950057CBEA;
			remoteInfo = bamboo;
		};
/* End PBXContainerItemProxy section */

/* Begin PBXFileReference section */
		08B22B52AA4B60F8BB535A55 /* Pods_bamboo_bambooUITests.framework */ = {isa = PBXFileReference; explicitFileType = wrapper.framework; includeInIndex = 0; path = Pods_bamboo_bambooUITests.framework; sourceTree = BUILT_PRODUCTS_DIR; };
		23AFE3DBCE98F7834D62DC6C /* Pods-bamboo-bambooUITests.debug.xcconfig */ = {isa = PBXFileReference; includeInIndex = 1; lastKnownFileType = text.xcconfig; name = "Pods-bamboo-bambooUITests.debug.xcconfig"; path = "Target Support Files/Pods-bamboo-bambooUITests/Pods-bamboo-bambooUITests.debug.xcconfig"; sourceTree = "<group>"; };
		29A536DE793FF6AFAAA68404 /* Pods_bamboo.framework */ = {isa = PBXFileReference; explicitFileType = wrapper.framework; includeInIndex = 0; path = Pods_bamboo.framework; sourceTree = BUILT_PRODUCTS_DIR; };
		5098584B91F4FEAEB045A470 /* Pods-bambooTests.release.xcconfig */ = {isa = PBXFileReference; includeInIndex = 1; lastKnownFileType = text.xcconfig; name = "Pods-bambooTests.release.xcconfig"; path = "Target Support Files/Pods-bambooTests/Pods-bambooTests.release.xcconfig"; sourceTree = "<group>"; };
		6578B8A974731F886C5E26AD /* Pods-bamboo-bambooUITests.release.xcconfig */ = {isa = PBXFileReference; includeInIndex = 1; lastKnownFileType = text.xcconfig; name = "Pods-bamboo-bambooUITests.release.xcconfig"; path = "Target Support Files/Pods-bamboo-bambooUITests/Pods-bamboo-bambooUITests.release.xcconfig"; sourceTree = "<group>"; };
		8FDE3B4D3C6647E0F4AA8BF1 /* Pods-bambooTests.debug.xcconfig */ = {isa = PBXFileReference; includeInIndex = 1; lastKnownFileType = text.xcconfig; name = "Pods-bambooTests.debug.xcconfig"; path = "Target Support Files/Pods-bambooTests/Pods-bambooTests.debug.xcconfig"; sourceTree = "<group>"; };
		95AE51AAA8203FBE02B35919 /* Pods-bamboo.release.xcconfig */ = {isa = PBXFileReference; includeInIndex = 1; lastKnownFileType = text.xcconfig; name = "Pods-bamboo.release.xcconfig"; path = "Target Support Files/Pods-bamboo/Pods-bamboo.release.xcconfig"; sourceTree = "<group>"; };
		B66D56879D201C03E2D8F083 /* Pods_bambooTests.framework */ = {isa = PBXFileReference; explicitFileType = wrapper.framework; includeInIndex = 0; path = Pods_bambooTests.framework; sourceTree = BUILT_PRODUCTS_DIR; };
		CB0B4F522A012E3C00C75735 /* GoogleService-Info.plist */ = {isa = PBXFileReference; fileEncoding = 4; lastKnownFileType = text.plist.xml; path = "GoogleService-Info.plist"; sourceTree = "<group>"; };
		CB2FA93729F54B450009F39F /* UIHelper.swift */ = {isa = PBXFileReference; lastKnownFileType = sourcecode.swift; path = UIHelper.swift; sourceTree = "<group>"; };
		CB2FA93A29F54B870009F39F /* UIColor+Ext.swift */ = {isa = PBXFileReference; lastKnownFileType = sourcecode.swift; path = "UIColor+Ext.swift"; sourceTree = "<group>"; };
		CB2FA93E29F5544B0009F39F /* HomeVC.swift */ = {isa = PBXFileReference; lastKnownFileType = sourcecode.swift; path = HomeVC.swift; sourceTree = "<group>"; };
		CB2FA94029F554690009F39F /* WritePostVC.swift */ = {isa = PBXFileReference; lastKnownFileType = sourcecode.swift; path = WritePostVC.swift; sourceTree = "<group>"; };
		CB2FA94229F554750009F39F /* MyPageVC.swift */ = {isa = PBXFileReference; lastKnownFileType = sourcecode.swift; path = MyPageVC.swift; sourceTree = "<group>"; };
		CB2FA94629F5B7170009F39F /* OnboardingVC.swift */ = {isa = PBXFileReference; lastKnownFileType = sourcecode.swift; path = OnboardingVC.swift; sourceTree = "<group>"; };
		CB2FA94929F5B7910009F39F /* BambooLabel.swift */ = {isa = PBXFileReference; lastKnownFileType = sourcecode.swift; path = BambooLabel.swift; sourceTree = "<group>"; };
		CB2FA94C29F5B8350009F39F /* LabelButton.swift */ = {isa = PBXFileReference; lastKnownFileType = sourcecode.swift; path = LabelButton.swift; sourceTree = "<group>"; };
		CB52566129F6D8550018E604 /* UserDefaults+Ext.swift */ = {isa = PBXFileReference; lastKnownFileType = sourcecode.swift; path = "UserDefaults+Ext.swift"; sourceTree = "<group>"; };
		CB52566329F6DA270018E604 /* LoginVC.swift */ = {isa = PBXFileReference; lastKnownFileType = sourcecode.swift; path = LoginVC.swift; sourceTree = "<group>"; };
		CB586FA02A04FC3000827590 /* UnregisterVC.swift */ = {isa = PBXFileReference; lastKnownFileType = sourcecode.swift; path = UnregisterVC.swift; sourceTree = "<group>"; };
		CB586FA22A0512A000827590 /* PressableButton.swift */ = {isa = PBXFileReference; lastKnownFileType = sourcecode.swift; path = PressableButton.swift; sourceTree = "<group>"; };
		CB586FA52A05146F00827590 /* PressableTableViewCell.swift */ = {isa = PBXFileReference; lastKnownFileType = sourcecode.swift; path = PressableTableViewCell.swift; sourceTree = "<group>"; };
		CB87F48F29FE48730025B67A /* MyPageTableViewCell.swift */ = {isa = PBXFileReference; lastKnownFileType = sourcecode.swift; path = MyPageTableViewCell.swift; sourceTree = "<group>"; };
		CB87F49129FE66A00025B67A /* NetworkManager.swift */ = {isa = PBXFileReference; lastKnownFileType = sourcecode.swift; path = NetworkManager.swift; sourceTree = "<group>"; };
		CB87F49529FE6A050025B67A /* User.swift */ = {isa = PBXFileReference; lastKnownFileType = sourcecode.swift; path = User.swift; sourceTree = "<group>"; };
		CB87F49729FE6AC90025B67A /* UserVM.swift */ = {isa = PBXFileReference; lastKnownFileType = sourcecode.swift; path = UserVM.swift; sourceTree = "<group>"; };
		CB87F49929FFCEB00025B67A /* EditProfileVC.swift */ = {isa = PBXFileReference; lastKnownFileType = sourcecode.swift; path = EditProfileVC.swift; sourceTree = "<group>"; };
		CBA1C05B29F7F7290098723E /* AuthButton.swift */ = {isa = PBXFileReference; lastKnownFileType = sourcecode.swift; path = AuthButton.swift; sourceTree = "<group>"; };
		CBA1C05D29F817E50098723E /* KakaoAuthButton.swift */ = {isa = PBXFileReference; lastKnownFileType = sourcecode.swift; path = KakaoAuthButton.swift; sourceTree = "<group>"; };
		CBA1C05F29F818410098723E /* GoogleAuthButton.swift */ = {isa = PBXFileReference; lastKnownFileType = sourcecode.swift; path = GoogleAuthButton.swift; sourceTree = "<group>"; };
		CBA1C06129F818530098723E /* AppleAuthButton.swift */ = {isa = PBXFileReference; lastKnownFileType = sourcecode.swift; path = AppleAuthButton.swift; sourceTree = "<group>"; };
		CBA1C06529F842CE0098723E /* env.xcconfig */ = {isa = PBXFileReference; lastKnownFileType = text.xcconfig; path = env.xcconfig; sourceTree = "<group>"; };
		CBCD43CA29F055950057CBEA /* bamboo.app */ = {isa = PBXFileReference; explicitFileType = wrapper.application; includeInIndex = 0; path = bamboo.app; sourceTree = BUILT_PRODUCTS_DIR; };
		CBCD43CD29F055950057CBEA /* AppDelegate.swift */ = {isa = PBXFileReference; lastKnownFileType = sourcecode.swift; path = AppDelegate.swift; sourceTree = "<group>"; };
		CBCD43CF29F055950057CBEA /* SceneDelegate.swift */ = {isa = PBXFileReference; lastKnownFileType = sourcecode.swift; path = SceneDelegate.swift; sourceTree = "<group>"; };
		CBCD43D629F055970057CBEA /* Assets.xcassets */ = {isa = PBXFileReference; lastKnownFileType = folder.assetcatalog; path = Assets.xcassets; sourceTree = "<group>"; };
		CBCD43D929F055970057CBEA /* Base */ = {isa = PBXFileReference; lastKnownFileType = file.storyboard; name = Base; path = Base.lproj/LaunchScreen.storyboard; sourceTree = "<group>"; };
		CBCD43DB29F055970057CBEA /* Info.plist */ = {isa = PBXFileReference; lastKnownFileType = text.plist.xml; path = Info.plist; sourceTree = "<group>"; };
		CBCD43E029F055970057CBEA /* bambooTests.xctest */ = {isa = PBXFileReference; explicitFileType = wrapper.cfbundle; includeInIndex = 0; path = bambooTests.xctest; sourceTree = BUILT_PRODUCTS_DIR; };
		CBCD43E429F055970057CBEA /* bambooTests.swift */ = {isa = PBXFileReference; lastKnownFileType = sourcecode.swift; path = bambooTests.swift; sourceTree = "<group>"; };
		CBCD43EA29F055970057CBEA /* bambooUITests.xctest */ = {isa = PBXFileReference; explicitFileType = wrapper.cfbundle; includeInIndex = 0; path = bambooUITests.xctest; sourceTree = BUILT_PRODUCTS_DIR; };
		CBCD43EE29F055970057CBEA /* bambooUITests.swift */ = {isa = PBXFileReference; lastKnownFileType = sourcecode.swift; path = bambooUITests.swift; sourceTree = "<group>"; };
		CBCD43F029F055970057CBEA /* bambooUITestsLaunchTests.swift */ = {isa = PBXFileReference; lastKnownFileType = sourcecode.swift; path = bambooUITestsLaunchTests.swift; sourceTree = "<group>"; };
		CBCD43FD29F058400057CBEA /* RootTabBarController.swift */ = {isa = PBXFileReference; lastKnownFileType = sourcecode.swift; path = RootTabBarController.swift; sourceTree = "<group>"; };
		D3CA9D8BB38C111D45D34272 /* Pods-bamboo.debug.xcconfig */ = {isa = PBXFileReference; includeInIndex = 1; lastKnownFileType = text.xcconfig; name = "Pods-bamboo.debug.xcconfig"; path = "Target Support Files/Pods-bamboo/Pods-bamboo.debug.xcconfig"; sourceTree = "<group>"; };
/* End PBXFileReference section */

/* Begin PBXFrameworksBuildPhase section */
		CBCD43C729F055950057CBEA /* Frameworks */ = {
			isa = PBXFrameworksBuildPhase;
			buildActionMask = 2147483647;
			files = (
				7D39424284414EE361F7D3C7 /* Pods_bamboo.framework in Frameworks */,
			);
			runOnlyForDeploymentPostprocessing = 0;
		};
		CBCD43DD29F055970057CBEA /* Frameworks */ = {
			isa = PBXFrameworksBuildPhase;
			buildActionMask = 2147483647;
			files = (
				09E09F0EE01DD6C1F262FD1B /* Pods_bambooTests.framework in Frameworks */,
			);
			runOnlyForDeploymentPostprocessing = 0;
		};
		CBCD43E729F055970057CBEA /* Frameworks */ = {
			isa = PBXFrameworksBuildPhase;
			buildActionMask = 2147483647;
			files = (
				4B2D8D4407786DD0C11317CC /* Pods_bamboo_bambooUITests.framework in Frameworks */,
			);
			runOnlyForDeploymentPostprocessing = 0;
		};
/* End PBXFrameworksBuildPhase section */

/* Begin PBXGroup section */
		04F0F10307A91E175EC8890D /* Frameworks */ = {
			isa = PBXGroup;
			children = (
				29A536DE793FF6AFAAA68404 /* Pods_bamboo.framework */,
				08B22B52AA4B60F8BB535A55 /* Pods_bamboo_bambooUITests.framework */,
				B66D56879D201C03E2D8F083 /* Pods_bambooTests.framework */,
			);
			name = Frameworks;
			sourceTree = "<group>";
		};
		B45333D48331AF60942FFA3B /* Pods */ = {
			isa = PBXGroup;
			children = (
				D3CA9D8BB38C111D45D34272 /* Pods-bamboo.debug.xcconfig */,
				95AE51AAA8203FBE02B35919 /* Pods-bamboo.release.xcconfig */,
				23AFE3DBCE98F7834D62DC6C /* Pods-bamboo-bambooUITests.debug.xcconfig */,
				6578B8A974731F886C5E26AD /* Pods-bamboo-bambooUITests.release.xcconfig */,
				8FDE3B4D3C6647E0F4AA8BF1 /* Pods-bambooTests.debug.xcconfig */,
				5098584B91F4FEAEB045A470 /* Pods-bambooTests.release.xcconfig */,
			);
			path = Pods;
			sourceTree = "<group>";
		};
		CB2FA93629F54B330009F39F /* Util */ = {
			isa = PBXGroup;
			children = (
				CB2FA93729F54B450009F39F /* UIHelper.swift */,
				CB87F49129FE66A00025B67A /* NetworkManager.swift */,
			);
			path = Util;
			sourceTree = "<group>";
		};
		CB2FA93929F54B780009F39F /* Extension */ = {
			isa = PBXGroup;
			children = (
				CB2FA93A29F54B870009F39F /* UIColor+Ext.swift */,
				CB52566129F6D8550018E604 /* UserDefaults+Ext.swift */,
			);
			path = Extension;
			sourceTree = "<group>";
		};
		CB2FA93C29F550910009F39F /* View */ = {
			isa = PBXGroup;
			children = (
				CB2FA94B29F5B8260009F39F /* Buttons */,
				CB586FA42A05144800827590 /* Cells */,
				CB2FA94829F5B7660009F39F /* Labels */,
				CB2FA93D29F550990009F39F /* Controllers */,
			);
			path = View;
			sourceTree = "<group>";
		};
		CB2FA93D29F550990009F39F /* Controllers */ = {
			isa = PBXGroup;
			children = (
				CBCD43FD29F058400057CBEA /* RootTabBarController.swift */,
				CB2FA93E29F5544B0009F39F /* HomeVC.swift */,
				CB2FA94029F554690009F39F /* WritePostVC.swift */,
				CB2FA94229F554750009F39F /* MyPageVC.swift */,
				CB2FA94629F5B7170009F39F /* OnboardingVC.swift */,
				CB52566329F6DA270018E604 /* LoginVC.swift */,
				CB87F49929FFCEB00025B67A /* EditProfileVC.swift */,
				CB586FA02A04FC3000827590 /* UnregisterVC.swift */,
			);
			path = Controllers;
			sourceTree = "<group>";
		};
		CB2FA94829F5B7660009F39F /* Labels */ = {
			isa = PBXGroup;
			children = (
				CB2FA94929F5B7910009F39F /* BambooLabel.swift */,
			);
			path = Labels;
			sourceTree = "<group>";
		};
		CB2FA94B29F5B8260009F39F /* Buttons */ = {
			isa = PBXGroup;
			children = (
				CB586FA22A0512A000827590 /* PressableButton.swift */,
				CB2FA94C29F5B8350009F39F /* LabelButton.swift */,
				CBA1C05B29F7F7290098723E /* AuthButton.swift */,
				CBA1C05D29F817E50098723E /* KakaoAuthButton.swift */,
				CBA1C05F29F818410098723E /* GoogleAuthButton.swift */,
				CBA1C06129F818530098723E /* AppleAuthButton.swift */,
			);
			path = Buttons;
			sourceTree = "<group>";
		};
		CB586FA42A05144800827590 /* Cells */ = {
			isa = PBXGroup;
			children = (
				CB87F48F29FE48730025B67A /* MyPageTableViewCell.swift */,
				CB586FA52A05146F00827590 /* PressableTableViewCell.swift */,
			);
			path = Cells;
			sourceTree = "<group>";
		};
		CB87F49329FE69DC0025B67A /* Model */ = {
			isa = PBXGroup;
			children = (
				CB87F49529FE6A050025B67A /* User.swift */,
			);
			path = Model;
			sourceTree = "<group>";
		};
		CB87F49429FE69E50025B67A /* ViewModel */ = {
			isa = PBXGroup;
			children = (
				CB87F49729FE6AC90025B67A /* UserVM.swift */,
			);
			path = ViewModel;
			sourceTree = "<group>";
		};
		CBCD43C129F055950057CBEA = {
			isa = PBXGroup;
			children = (
				CBCD43CC29F055950057CBEA /* bamboo */,
				CBCD43E329F055970057CBEA /* bambooTests */,
				CBCD43ED29F055970057CBEA /* bambooUITests */,
				CBCD43CB29F055950057CBEA /* Products */,
				B45333D48331AF60942FFA3B /* Pods */,
				04F0F10307A91E175EC8890D /* Frameworks */,
			);
			sourceTree = "<group>";
		};
		CBCD43CB29F055950057CBEA /* Products */ = {
			isa = PBXGroup;
			children = (
				CBCD43CA29F055950057CBEA /* bamboo.app */,
				CBCD43E029F055970057CBEA /* bambooTests.xctest */,
				CBCD43EA29F055970057CBEA /* bambooUITests.xctest */,
			);
			name = Products;
			sourceTree = "<group>";
		};
		CBCD43CC29F055950057CBEA /* bamboo */ = {
			isa = PBXGroup;
			children = (
				CB87F49429FE69E50025B67A /* ViewModel */,
				CB87F49329FE69DC0025B67A /* Model */,
				CB2FA93C29F550910009F39F /* View */,
				CB2FA93929F54B780009F39F /* Extension */,
				CB2FA93629F54B330009F39F /* Util */,
				CBCD43FF29F058C10057CBEA /* App */,
			);
			path = bamboo;
			sourceTree = "<group>";
		};
		CBCD43E329F055970057CBEA /* bambooTests */ = {
			isa = PBXGroup;
			children = (
				CBCD43E429F055970057CBEA /* bambooTests.swift */,
			);
			path = bambooTests;
			sourceTree = "<group>";
		};
		CBCD43ED29F055970057CBEA /* bambooUITests */ = {
			isa = PBXGroup;
			children = (
				CBCD43EE29F055970057CBEA /* bambooUITests.swift */,
				CBCD43F029F055970057CBEA /* bambooUITestsLaunchTests.swift */,
			);
			path = bambooUITests;
			sourceTree = "<group>";
		};
		CBCD43FF29F058C10057CBEA /* App */ = {
			isa = PBXGroup;
			children = (
				CBCD43CD29F055950057CBEA /* AppDelegate.swift */,
				CBCD43CF29F055950057CBEA /* SceneDelegate.swift */,
				CBCD43D629F055970057CBEA /* Assets.xcassets */,
				CBCD43D829F055970057CBEA /* LaunchScreen.storyboard */,
				CB0B4F522A012E3C00C75735 /* GoogleService-Info.plist */,
				CBCD43DB29F055970057CBEA /* Info.plist */,
				CBA1C06529F842CE0098723E /* env.xcconfig */,
			);
			path = App;
			sourceTree = "<group>";
		};
/* End PBXGroup section */

/* Begin PBXNativeTarget section */
		CBCD43C929F055950057CBEA /* bamboo */ = {
			isa = PBXNativeTarget;
			buildConfigurationList = CBCD43F429F055970057CBEA /* Build configuration list for PBXNativeTarget "bamboo" */;
			buildPhases = (
				19D162A5061047353B8A0DDD /* [CP] Check Pods Manifest.lock */,
				CBCD43C629F055950057CBEA /* Sources */,
				CBCD43C729F055950057CBEA /* Frameworks */,
				CBCD43C829F055950057CBEA /* Resources */,
				5786F9D2814181983F620F9D /* [CP] Embed Pods Frameworks */,
			);
			buildRules = (
			);
			dependencies = (
			);
			name = bamboo;
			productName = bamboo;
			productReference = CBCD43CA29F055950057CBEA /* bamboo.app */;
			productType = "com.apple.product-type.application";
		};
		CBCD43DF29F055970057CBEA /* bambooTests */ = {
			isa = PBXNativeTarget;
			buildConfigurationList = CBCD43F729F055970057CBEA /* Build configuration list for PBXNativeTarget "bambooTests" */;
			buildPhases = (
				5500D211884D6C00F1A2A8EC /* [CP] Check Pods Manifest.lock */,
				CBCD43DC29F055970057CBEA /* Sources */,
				CBCD43DD29F055970057CBEA /* Frameworks */,
				CBCD43DE29F055970057CBEA /* Resources */,
			);
			buildRules = (
			);
			dependencies = (
				CBCD43E229F055970057CBEA /* PBXTargetDependency */,
			);
			name = bambooTests;
			productName = bambooTests;
			productReference = CBCD43E029F055970057CBEA /* bambooTests.xctest */;
			productType = "com.apple.product-type.bundle.unit-test";
		};
		CBCD43E929F055970057CBEA /* bambooUITests */ = {
			isa = PBXNativeTarget;
			buildConfigurationList = CBCD43FA29F055970057CBEA /* Build configuration list for PBXNativeTarget "bambooUITests" */;
			buildPhases = (
				AF776947AD5D41CCACB21EB7 /* [CP] Check Pods Manifest.lock */,
				CBCD43E629F055970057CBEA /* Sources */,
				CBCD43E729F055970057CBEA /* Frameworks */,
				CBCD43E829F055970057CBEA /* Resources */,
				194A61FDA7D1599F8E0E1CC4 /* [CP] Embed Pods Frameworks */,
			);
			buildRules = (
			);
			dependencies = (
				CBCD43EC29F055970057CBEA /* PBXTargetDependency */,
			);
			name = bambooUITests;
			productName = bambooUITests;
			productReference = CBCD43EA29F055970057CBEA /* bambooUITests.xctest */;
			productType = "com.apple.product-type.bundle.ui-testing";
		};
/* End PBXNativeTarget section */

/* Begin PBXProject section */
		CBCD43C229F055950057CBEA /* Project object */ = {
			isa = PBXProject;
			attributes = {
				BuildIndependentTargetsInParallel = 1;
				LastSwiftUpdateCheck = 1420;
				LastUpgradeCheck = 1420;
				TargetAttributes = {
					CBCD43C929F055950057CBEA = {
						CreatedOnToolsVersion = 14.2;
					};
					CBCD43DF29F055970057CBEA = {
						CreatedOnToolsVersion = 14.2;
						TestTargetID = CBCD43C929F055950057CBEA;
					};
					CBCD43E929F055970057CBEA = {
						CreatedOnToolsVersion = 14.2;
						TestTargetID = CBCD43C929F055950057CBEA;
					};
				};
			};
			buildConfigurationList = CBCD43C529F055950057CBEA /* Build configuration list for PBXProject "bamboo" */;
			compatibilityVersion = "Xcode 14.0";
			developmentRegion = en;
			hasScannedForEncodings = 0;
			knownRegions = (
				en,
				Base,
			);
			mainGroup = CBCD43C129F055950057CBEA;
			productRefGroup = CBCD43CB29F055950057CBEA /* Products */;
			projectDirPath = "";
			projectRoot = "";
			targets = (
				CBCD43C929F055950057CBEA /* bamboo */,
				CBCD43DF29F055970057CBEA /* bambooTests */,
				CBCD43E929F055970057CBEA /* bambooUITests */,
			);
		};
/* End PBXProject section */

/* Begin PBXResourcesBuildPhase section */
		CBCD43C829F055950057CBEA /* Resources */ = {
			isa = PBXResourcesBuildPhase;
			buildActionMask = 2147483647;
			files = (
				CBCD43DA29F055970057CBEA /* LaunchScreen.storyboard in Resources */,
				CB0B4F532A012E3C00C75735 /* GoogleService-Info.plist in Resources */,
				CBCD43D729F055970057CBEA /* Assets.xcassets in Resources */,
			);
			runOnlyForDeploymentPostprocessing = 0;
		};
		CBCD43DE29F055970057CBEA /* Resources */ = {
			isa = PBXResourcesBuildPhase;
			buildActionMask = 2147483647;
			files = (
			);
			runOnlyForDeploymentPostprocessing = 0;
		};
		CBCD43E829F055970057CBEA /* Resources */ = {
			isa = PBXResourcesBuildPhase;
			buildActionMask = 2147483647;
			files = (
			);
			runOnlyForDeploymentPostprocessing = 0;
		};
/* End PBXResourcesBuildPhase section */

/* Begin PBXShellScriptBuildPhase section */
		194A61FDA7D1599F8E0E1CC4 /* [CP] Embed Pods Frameworks */ = {
			isa = PBXShellScriptBuildPhase;
			buildActionMask = 2147483647;
			files = (
			);
			inputFileListPaths = (
				"${PODS_ROOT}/Target Support Files/Pods-bamboo-bambooUITests/Pods-bamboo-bambooUITests-frameworks-${CONFIGURATION}-input-files.xcfilelist",
			);
			name = "[CP] Embed Pods Frameworks";
			outputFileListPaths = (
				"${PODS_ROOT}/Target Support Files/Pods-bamboo-bambooUITests/Pods-bamboo-bambooUITests-frameworks-${CONFIGURATION}-output-files.xcfilelist",
			);
			runOnlyForDeploymentPostprocessing = 0;
			shellPath = /bin/sh;
			shellScript = "\"${PODS_ROOT}/Target Support Files/Pods-bamboo-bambooUITests/Pods-bamboo-bambooUITests-frameworks.sh\"\n";
			showEnvVarsInLog = 0;
		};
		19D162A5061047353B8A0DDD /* [CP] Check Pods Manifest.lock */ = {
			isa = PBXShellScriptBuildPhase;
			buildActionMask = 2147483647;
			files = (
			);
			inputFileListPaths = (
			);
			inputPaths = (
				"${PODS_PODFILE_DIR_PATH}/Podfile.lock",
				"${PODS_ROOT}/Manifest.lock",
			);
			name = "[CP] Check Pods Manifest.lock";
			outputFileListPaths = (
			);
			outputPaths = (
				"$(DERIVED_FILE_DIR)/Pods-bamboo-checkManifestLockResult.txt",
			);
			runOnlyForDeploymentPostprocessing = 0;
			shellPath = /bin/sh;
			shellScript = "diff \"${PODS_PODFILE_DIR_PATH}/Podfile.lock\" \"${PODS_ROOT}/Manifest.lock\" > /dev/null\nif [ $? != 0 ] ; then\n    # print error to STDERR\n    echo \"error: The sandbox is not in sync with the Podfile.lock. Run 'pod install' or update your CocoaPods installation.\" >&2\n    exit 1\nfi\n# This output is used by Xcode 'outputs' to avoid re-running this script phase.\necho \"SUCCESS\" > \"${SCRIPT_OUTPUT_FILE_0}\"\n";
			showEnvVarsInLog = 0;
		};
		5500D211884D6C00F1A2A8EC /* [CP] Check Pods Manifest.lock */ = {
			isa = PBXShellScriptBuildPhase;
			buildActionMask = 2147483647;
			files = (
			);
			inputFileListPaths = (
			);
			inputPaths = (
				"${PODS_PODFILE_DIR_PATH}/Podfile.lock",
				"${PODS_ROOT}/Manifest.lock",
			);
			name = "[CP] Check Pods Manifest.lock";
			outputFileListPaths = (
			);
			outputPaths = (
				"$(DERIVED_FILE_DIR)/Pods-bambooTests-checkManifestLockResult.txt",
			);
			runOnlyForDeploymentPostprocessing = 0;
			shellPath = /bin/sh;
			shellScript = "diff \"${PODS_PODFILE_DIR_PATH}/Podfile.lock\" \"${PODS_ROOT}/Manifest.lock\" > /dev/null\nif [ $? != 0 ] ; then\n    # print error to STDERR\n    echo \"error: The sandbox is not in sync with the Podfile.lock. Run 'pod install' or update your CocoaPods installation.\" >&2\n    exit 1\nfi\n# This output is used by Xcode 'outputs' to avoid re-running this script phase.\necho \"SUCCESS\" > \"${SCRIPT_OUTPUT_FILE_0}\"\n";
			showEnvVarsInLog = 0;
		};
		5786F9D2814181983F620F9D /* [CP] Embed Pods Frameworks */ = {
			isa = PBXShellScriptBuildPhase;
			buildActionMask = 2147483647;
			files = (
			);
			inputFileListPaths = (
				"${PODS_ROOT}/Target Support Files/Pods-bamboo/Pods-bamboo-frameworks-${CONFIGURATION}-input-files.xcfilelist",
			);
			name = "[CP] Embed Pods Frameworks";
			outputFileListPaths = (
				"${PODS_ROOT}/Target Support Files/Pods-bamboo/Pods-bamboo-frameworks-${CONFIGURATION}-output-files.xcfilelist",
			);
			runOnlyForDeploymentPostprocessing = 0;
			shellPath = /bin/sh;
			shellScript = "\"${PODS_ROOT}/Target Support Files/Pods-bamboo/Pods-bamboo-frameworks.sh\"\n";
			showEnvVarsInLog = 0;
		};
		AF776947AD5D41CCACB21EB7 /* [CP] Check Pods Manifest.lock */ = {
			isa = PBXShellScriptBuildPhase;
			buildActionMask = 2147483647;
			files = (
			);
			inputFileListPaths = (
			);
			inputPaths = (
				"${PODS_PODFILE_DIR_PATH}/Podfile.lock",
				"${PODS_ROOT}/Manifest.lock",
			);
			name = "[CP] Check Pods Manifest.lock";
			outputFileListPaths = (
			);
			outputPaths = (
				"$(DERIVED_FILE_DIR)/Pods-bamboo-bambooUITests-checkManifestLockResult.txt",
			);
			runOnlyForDeploymentPostprocessing = 0;
			shellPath = /bin/sh;
			shellScript = "diff \"${PODS_PODFILE_DIR_PATH}/Podfile.lock\" \"${PODS_ROOT}/Manifest.lock\" > /dev/null\nif [ $? != 0 ] ; then\n    # print error to STDERR\n    echo \"error: The sandbox is not in sync with the Podfile.lock. Run 'pod install' or update your CocoaPods installation.\" >&2\n    exit 1\nfi\n# This output is used by Xcode 'outputs' to avoid re-running this script phase.\necho \"SUCCESS\" > \"${SCRIPT_OUTPUT_FILE_0}\"\n";
			showEnvVarsInLog = 0;
		};
/* End PBXShellScriptBuildPhase section */

/* Begin PBXSourcesBuildPhase section */
		CBCD43C629F055950057CBEA /* Sources */ = {
			isa = PBXSourcesBuildPhase;
			buildActionMask = 2147483647;
			files = (
				CBCD43FE29F058400057CBEA /* RootTabBarController.swift in Sources */,
				CB87F49829FE6AC90025B67A /* UserVM.swift in Sources */,
				CBA1C05C29F7F7290098723E /* AuthButton.swift in Sources */,
				CBA1C05E29F817E50098723E /* KakaoAuthButton.swift in Sources */,
				CB2FA94729F5B7170009F39F /* OnboardingVC.swift in Sources */,
				CBCD43CE29F055950057CBEA /* AppDelegate.swift in Sources */,
				CB586FA12A04FC3000827590 /* UnregisterVC.swift in Sources */,
				CB2FA94129F554690009F39F /* WritePostVC.swift in Sources */,
				CB2FA93B29F54B870009F39F /* UIColor+Ext.swift in Sources */,
				CB2FA93F29F5544B0009F39F /* HomeVC.swift in Sources */,
				CB586FA62A05146F00827590 /* PressableTableViewCell.swift in Sources */,
				CB87F49629FE6A050025B67A /* User.swift in Sources */,
				CB87F49A29FFCEB00025B67A /* EditProfileVC.swift in Sources */,
				CB87F49029FE48730025B67A /* MyPageTableViewCell.swift in Sources */,
				CB2FA94329F554750009F39F /* MyPageVC.swift in Sources */,
				CBCD43D029F055950057CBEA /* SceneDelegate.swift in Sources */,
				CB52566229F6D8550018E604 /* UserDefaults+Ext.swift in Sources */,
				CB87F49229FE66A00025B67A /* NetworkManager.swift in Sources */,
				CB52566429F6DA270018E604 /* LoginVC.swift in Sources */,
				CBA1C06029F818410098723E /* GoogleAuthButton.swift in Sources */,
				CB2FA94A29F5B7910009F39F /* BambooLabel.swift in Sources */,
				CBA1C06229F818530098723E /* AppleAuthButton.swift in Sources */,
				CB586FA32A0512A000827590 /* PressableButton.swift in Sources */,
				CB2FA94D29F5B8350009F39F /* LabelButton.swift in Sources */,
				CB2FA93829F54B450009F39F /* UIHelper.swift in Sources */,
			);
			runOnlyForDeploymentPostprocessing = 0;
		};
		CBCD43DC29F055970057CBEA /* Sources */ = {
			isa = PBXSourcesBuildPhase;
			buildActionMask = 2147483647;
			files = (
				CBCD43E529F055970057CBEA /* bambooTests.swift in Sources */,
			);
			runOnlyForDeploymentPostprocessing = 0;
		};
		CBCD43E629F055970057CBEA /* Sources */ = {
			isa = PBXSourcesBuildPhase;
			buildActionMask = 2147483647;
			files = (
				CBCD43F129F055970057CBEA /* bambooUITestsLaunchTests.swift in Sources */,
				CBCD43EF29F055970057CBEA /* bambooUITests.swift in Sources */,
			);
			runOnlyForDeploymentPostprocessing = 0;
		};
/* End PBXSourcesBuildPhase section */

/* Begin PBXTargetDependency section */
		CBCD43E229F055970057CBEA /* PBXTargetDependency */ = {
			isa = PBXTargetDependency;
			target = CBCD43C929F055950057CBEA /* bamboo */;
			targetProxy = CBCD43E129F055970057CBEA /* PBXContainerItemProxy */;
		};
		CBCD43EC29F055970057CBEA /* PBXTargetDependency */ = {
			isa = PBXTargetDependency;
			target = CBCD43C929F055950057CBEA /* bamboo */;
			targetProxy = CBCD43EB29F055970057CBEA /* PBXContainerItemProxy */;
		};
/* End PBXTargetDependency section */

/* Begin PBXVariantGroup section */
		CBCD43D829F055970057CBEA /* LaunchScreen.storyboard */ = {
			isa = PBXVariantGroup;
			children = (
				CBCD43D929F055970057CBEA /* Base */,
			);
			name = LaunchScreen.storyboard;
			sourceTree = "<group>";
		};
/* End PBXVariantGroup section */

/* Begin XCBuildConfiguration section */
		CBCD43F229F055970057CBEA /* Debug */ = {
			isa = XCBuildConfiguration;
			baseConfigurationReference = CBA1C06529F842CE0098723E /* env.xcconfig */;
			buildSettings = {
				ALWAYS_SEARCH_USER_PATHS = NO;
				CLANG_ANALYZER_NONNULL = YES;
				CLANG_ANALYZER_NUMBER_OBJECT_CONVERSION = YES_AGGRESSIVE;
				CLANG_CXX_LANGUAGE_STANDARD = "gnu++20";
				CLANG_ENABLE_MODULES = YES;
				CLANG_ENABLE_OBJC_ARC = YES;
				CLANG_ENABLE_OBJC_WEAK = YES;
				CLANG_WARN_BLOCK_CAPTURE_AUTORELEASING = YES;
				CLANG_WARN_BOOL_CONVERSION = YES;
				CLANG_WARN_COMMA = YES;
				CLANG_WARN_CONSTANT_CONVERSION = YES;
				CLANG_WARN_DEPRECATED_OBJC_IMPLEMENTATIONS = YES;
				CLANG_WARN_DIRECT_OBJC_ISA_USAGE = YES_ERROR;
				CLANG_WARN_DOCUMENTATION_COMMENTS = YES;
				CLANG_WARN_EMPTY_BODY = YES;
				CLANG_WARN_ENUM_CONVERSION = YES;
				CLANG_WARN_INFINITE_RECURSION = YES;
				CLANG_WARN_INT_CONVERSION = YES;
				CLANG_WARN_NON_LITERAL_NULL_CONVERSION = YES;
				CLANG_WARN_OBJC_IMPLICIT_RETAIN_SELF = YES;
				CLANG_WARN_OBJC_LITERAL_CONVERSION = YES;
				CLANG_WARN_OBJC_ROOT_CLASS = YES_ERROR;
				CLANG_WARN_QUOTED_INCLUDE_IN_FRAMEWORK_HEADER = YES;
				CLANG_WARN_RANGE_LOOP_ANALYSIS = YES;
				CLANG_WARN_STRICT_PROTOTYPES = YES;
				CLANG_WARN_SUSPICIOUS_MOVE = YES;
				CLANG_WARN_UNGUARDED_AVAILABILITY = YES_AGGRESSIVE;
				CLANG_WARN_UNREACHABLE_CODE = YES;
				CLANG_WARN__DUPLICATE_METHOD_MATCH = YES;
				COPY_PHASE_STRIP = NO;
				DEBUG_INFORMATION_FORMAT = dwarf;
				ENABLE_STRICT_OBJC_MSGSEND = YES;
				ENABLE_TESTABILITY = YES;
				GCC_C_LANGUAGE_STANDARD = gnu11;
				GCC_DYNAMIC_NO_PIC = NO;
				GCC_NO_COMMON_BLOCKS = YES;
				GCC_OPTIMIZATION_LEVEL = 0;
				GCC_PREPROCESSOR_DEFINITIONS = (
					"DEBUG=1",
					"$(inherited)",
				);
				GCC_WARN_64_TO_32_BIT_CONVERSION = YES;
				GCC_WARN_ABOUT_RETURN_TYPE = YES_ERROR;
				GCC_WARN_UNDECLARED_SELECTOR = YES;
				GCC_WARN_UNINITIALIZED_AUTOS = YES_AGGRESSIVE;
				GCC_WARN_UNUSED_FUNCTION = YES;
				GCC_WARN_UNUSED_VARIABLE = YES;
				IPHONEOS_DEPLOYMENT_TARGET = 16.2;
				MTL_ENABLE_DEBUG_INFO = INCLUDE_SOURCE;
				MTL_FAST_MATH = YES;
				ONLY_ACTIVE_ARCH = YES;
				SDKROOT = iphoneos;
				SWIFT_ACTIVE_COMPILATION_CONDITIONS = DEBUG;
				SWIFT_OPTIMIZATION_LEVEL = "-Onone";
			};
			name = Debug;
		};
		CBCD43F329F055970057CBEA /* Release */ = {
			isa = XCBuildConfiguration;
			baseConfigurationReference = CBA1C06529F842CE0098723E /* env.xcconfig */;
			buildSettings = {
				ALWAYS_SEARCH_USER_PATHS = NO;
				CLANG_ANALYZER_NONNULL = YES;
				CLANG_ANALYZER_NUMBER_OBJECT_CONVERSION = YES_AGGRESSIVE;
				CLANG_CXX_LANGUAGE_STANDARD = "gnu++20";
				CLANG_ENABLE_MODULES = YES;
				CLANG_ENABLE_OBJC_ARC = YES;
				CLANG_ENABLE_OBJC_WEAK = YES;
				CLANG_WARN_BLOCK_CAPTURE_AUTORELEASING = YES;
				CLANG_WARN_BOOL_CONVERSION = YES;
				CLANG_WARN_COMMA = YES;
				CLANG_WARN_CONSTANT_CONVERSION = YES;
				CLANG_WARN_DEPRECATED_OBJC_IMPLEMENTATIONS = YES;
				CLANG_WARN_DIRECT_OBJC_ISA_USAGE = YES_ERROR;
				CLANG_WARN_DOCUMENTATION_COMMENTS = YES;
				CLANG_WARN_EMPTY_BODY = YES;
				CLANG_WARN_ENUM_CONVERSION = YES;
				CLANG_WARN_INFINITE_RECURSION = YES;
				CLANG_WARN_INT_CONVERSION = YES;
				CLANG_WARN_NON_LITERAL_NULL_CONVERSION = YES;
				CLANG_WARN_OBJC_IMPLICIT_RETAIN_SELF = YES;
				CLANG_WARN_OBJC_LITERAL_CONVERSION = YES;
				CLANG_WARN_OBJC_ROOT_CLASS = YES_ERROR;
				CLANG_WARN_QUOTED_INCLUDE_IN_FRAMEWORK_HEADER = YES;
				CLANG_WARN_RANGE_LOOP_ANALYSIS = YES;
				CLANG_WARN_STRICT_PROTOTYPES = YES;
				CLANG_WARN_SUSPICIOUS_MOVE = YES;
				CLANG_WARN_UNGUARDED_AVAILABILITY = YES_AGGRESSIVE;
				CLANG_WARN_UNREACHABLE_CODE = YES;
				CLANG_WARN__DUPLICATE_METHOD_MATCH = YES;
				COPY_PHASE_STRIP = NO;
				DEBUG_INFORMATION_FORMAT = "dwarf-with-dsym";
				ENABLE_NS_ASSERTIONS = NO;
				ENABLE_STRICT_OBJC_MSGSEND = YES;
				GCC_C_LANGUAGE_STANDARD = gnu11;
				GCC_NO_COMMON_BLOCKS = YES;
				GCC_WARN_64_TO_32_BIT_CONVERSION = YES;
				GCC_WARN_ABOUT_RETURN_TYPE = YES_ERROR;
				GCC_WARN_UNDECLARED_SELECTOR = YES;
				GCC_WARN_UNINITIALIZED_AUTOS = YES_AGGRESSIVE;
				GCC_WARN_UNUSED_FUNCTION = YES;
				GCC_WARN_UNUSED_VARIABLE = YES;
				IPHONEOS_DEPLOYMENT_TARGET = 16.2;
				MTL_ENABLE_DEBUG_INFO = NO;
				MTL_FAST_MATH = YES;
				SDKROOT = iphoneos;
				SWIFT_COMPILATION_MODE = wholemodule;
				SWIFT_OPTIMIZATION_LEVEL = "-O";
				VALIDATE_PRODUCT = YES;
			};
			name = Release;
		};
		CBCD43F529F055970057CBEA /* Debug */ = {
			isa = XCBuildConfiguration;
			baseConfigurationReference = D3CA9D8BB38C111D45D34272 /* Pods-bamboo.debug.xcconfig */;
			buildSettings = {
				ASSETCATALOG_COMPILER_APPICON_NAME = AppIcon;
				ASSETCATALOG_COMPILER_GLOBAL_ACCENT_COLOR_NAME = AccentColor;
				CODE_SIGN_STYLE = Automatic;
				CURRENT_PROJECT_VERSION = 1;
				DEVELOPMENT_TEAM = TQX48B3375;
				GENERATE_INFOPLIST_FILE = YES;
				INFOPLIST_FILE = bamboo/App/Info.plist;
				INFOPLIST_KEY_CFBundleDisplayName = "뱀부";
				INFOPLIST_KEY_UIApplicationSupportsIndirectInputEvents = YES;
				INFOPLIST_KEY_UILaunchStoryboardName = LaunchScreen;
				INFOPLIST_KEY_UIStatusBarStyle = UIStatusBarStyleLightContent;
				INFOPLIST_KEY_UISupportedInterfaceOrientations = UIInterfaceOrientationPortrait;
				INFOPLIST_KEY_UISupportedInterfaceOrientations_iPad = "UIInterfaceOrientationLandscapeLeft UIInterfaceOrientationLandscapeRight UIInterfaceOrientationPortrait UIInterfaceOrientationPortraitUpsideDown";
				IPHONEOS_DEPLOYMENT_TARGET = 13.0;
				LD_RUNPATH_SEARCH_PATHS = (
					"$(inherited)",
					"@executable_path/Frameworks",
				);
				MARKETING_VERSION = 1.0;
				PRODUCT_BUNDLE_IDENTIFIER = hoonjoo.bamboo;
				PRODUCT_NAME = "$(TARGET_NAME)";
				SUPPORTED_PLATFORMS = "iphoneos iphonesimulator";
				SUPPORTS_MACCATALYST = NO;
				SUPPORTS_MAC_DESIGNED_FOR_IPHONE_IPAD = NO;
				SWIFT_EMIT_LOC_STRINGS = YES;
				SWIFT_VERSION = 5.0;
				TARGETED_DEVICE_FAMILY = 1;
			};
			name = Debug;
		};
		CBCD43F629F055970057CBEA /* Release */ = {
			isa = XCBuildConfiguration;
			baseConfigurationReference = 95AE51AAA8203FBE02B35919 /* Pods-bamboo.release.xcconfig */;
			buildSettings = {
				ASSETCATALOG_COMPILER_APPICON_NAME = AppIcon;
				ASSETCATALOG_COMPILER_GLOBAL_ACCENT_COLOR_NAME = AccentColor;
				CODE_SIGN_STYLE = Automatic;
				CURRENT_PROJECT_VERSION = 1;
				DEVELOPMENT_TEAM = TQX48B3375;
				GENERATE_INFOPLIST_FILE = YES;
				INFOPLIST_FILE = bamboo/App/Info.plist;
				INFOPLIST_KEY_CFBundleDisplayName = "뱀부";
				INFOPLIST_KEY_UIApplicationSupportsIndirectInputEvents = YES;
				INFOPLIST_KEY_UILaunchStoryboardName = LaunchScreen;
				INFOPLIST_KEY_UIStatusBarStyle = UIStatusBarStyleLightContent;
				INFOPLIST_KEY_UISupportedInterfaceOrientations = UIInterfaceOrientationPortrait;
				INFOPLIST_KEY_UISupportedInterfaceOrientations_iPad = "UIInterfaceOrientationLandscapeLeft UIInterfaceOrientationLandscapeRight UIInterfaceOrientationPortrait UIInterfaceOrientationPortraitUpsideDown";
				IPHONEOS_DEPLOYMENT_TARGET = 13.0;
				LD_RUNPATH_SEARCH_PATHS = (
					"$(inherited)",
					"@executable_path/Frameworks",
				);
				MARKETING_VERSION = 1.0;
				PRODUCT_BUNDLE_IDENTIFIER = hoonjoo.bamboo;
				PRODUCT_NAME = "$(TARGET_NAME)";
				SUPPORTED_PLATFORMS = "iphoneos iphonesimulator";
				SUPPORTS_MACCATALYST = NO;
				SUPPORTS_MAC_DESIGNED_FOR_IPHONE_IPAD = NO;
				SWIFT_EMIT_LOC_STRINGS = YES;
				SWIFT_VERSION = 5.0;
				TARGETED_DEVICE_FAMILY = 1;
			};
			name = Release;
		};
		CBCD43F829F055970057CBEA /* Debug */ = {
			isa = XCBuildConfiguration;
			baseConfigurationReference = 8FDE3B4D3C6647E0F4AA8BF1 /* Pods-bambooTests.debug.xcconfig */;
			buildSettings = {
				ALWAYS_EMBED_SWIFT_STANDARD_LIBRARIES = YES;
				BUNDLE_LOADER = "$(TEST_HOST)";
				CODE_SIGN_STYLE = Automatic;
				CURRENT_PROJECT_VERSION = 1;
				DEVELOPMENT_TEAM = TQX48B3375;
				GENERATE_INFOPLIST_FILE = YES;
				IPHONEOS_DEPLOYMENT_TARGET = 16.2;
				MARKETING_VERSION = 1.0;
				PRODUCT_BUNDLE_IDENTIFIER = hoonjoo.bambooTests;
				PRODUCT_NAME = "$(TARGET_NAME)";
				SWIFT_EMIT_LOC_STRINGS = NO;
				SWIFT_VERSION = 5.0;
				TARGETED_DEVICE_FAMILY = "1,2";
				TEST_HOST = "$(BUILT_PRODUCTS_DIR)/bamboo.app/$(BUNDLE_EXECUTABLE_FOLDER_PATH)/bamboo";
			};
			name = Debug;
		};
		CBCD43F929F055970057CBEA /* Release */ = {
			isa = XCBuildConfiguration;
			baseConfigurationReference = 5098584B91F4FEAEB045A470 /* Pods-bambooTests.release.xcconfig */;
			buildSettings = {
				ALWAYS_EMBED_SWIFT_STANDARD_LIBRARIES = YES;
				BUNDLE_LOADER = "$(TEST_HOST)";
				CODE_SIGN_STYLE = Automatic;
				CURRENT_PROJECT_VERSION = 1;
				DEVELOPMENT_TEAM = TQX48B3375;
				GENERATE_INFOPLIST_FILE = YES;
				IPHONEOS_DEPLOYMENT_TARGET = 16.2;
				MARKETING_VERSION = 1.0;
				PRODUCT_BUNDLE_IDENTIFIER = hoonjoo.bambooTests;
				PRODUCT_NAME = "$(TARGET_NAME)";
				SWIFT_EMIT_LOC_STRINGS = NO;
				SWIFT_VERSION = 5.0;
				TARGETED_DEVICE_FAMILY = "1,2";
				TEST_HOST = "$(BUILT_PRODUCTS_DIR)/bamboo.app/$(BUNDLE_EXECUTABLE_FOLDER_PATH)/bamboo";
			};
			name = Release;
		};
		CBCD43FB29F055970057CBEA /* Debug */ = {
			isa = XCBuildConfiguration;
			baseConfigurationReference = 23AFE3DBCE98F7834D62DC6C /* Pods-bamboo-bambooUITests.debug.xcconfig */;
			buildSettings = {
				ALWAYS_EMBED_SWIFT_STANDARD_LIBRARIES = YES;
				CODE_SIGN_STYLE = Automatic;
				CURRENT_PROJECT_VERSION = 1;
				DEVELOPMENT_TEAM = TQX48B3375;
				GENERATE_INFOPLIST_FILE = YES;
				MARKETING_VERSION = 1.0;
				PRODUCT_BUNDLE_IDENTIFIER = hoonjoo.bambooUITests;
				PRODUCT_NAME = "$(TARGET_NAME)";
				SWIFT_EMIT_LOC_STRINGS = NO;
				SWIFT_VERSION = 5.0;
				TARGETED_DEVICE_FAMILY = "1,2";
				TEST_TARGET_NAME = bamboo;
			};
			name = Debug;
		};
		CBCD43FC29F055970057CBEA /* Release */ = {
			isa = XCBuildConfiguration;
			baseConfigurationReference = 6578B8A974731F886C5E26AD /* Pods-bamboo-bambooUITests.release.xcconfig */;
			buildSettings = {
				ALWAYS_EMBED_SWIFT_STANDARD_LIBRARIES = YES;
				CODE_SIGN_STYLE = Automatic;
				CURRENT_PROJECT_VERSION = 1;
				DEVELOPMENT_TEAM = TQX48B3375;
				GENERATE_INFOPLIST_FILE = YES;
				MARKETING_VERSION = 1.0;
				PRODUCT_BUNDLE_IDENTIFIER = hoonjoo.bambooUITests;
				PRODUCT_NAME = "$(TARGET_NAME)";
				SWIFT_EMIT_LOC_STRINGS = NO;
				SWIFT_VERSION = 5.0;
				TARGETED_DEVICE_FAMILY = "1,2";
				TEST_TARGET_NAME = bamboo;
			};
			name = Release;
		};
/* End XCBuildConfiguration section */

/* Begin XCConfigurationList section */
		CBCD43C529F055950057CBEA /* Build configuration list for PBXProject "bamboo" */ = {
			isa = XCConfigurationList;
			buildConfigurations = (
				CBCD43F229F055970057CBEA /* Debug */,
				CBCD43F329F055970057CBEA /* Release */,
			);
			defaultConfigurationIsVisible = 0;
			defaultConfigurationName = Release;
		};
		CBCD43F429F055970057CBEA /* Build configuration list for PBXNativeTarget "bamboo" */ = {
			isa = XCConfigurationList;
			buildConfigurations = (
				CBCD43F529F055970057CBEA /* Debug */,
				CBCD43F629F055970057CBEA /* Release */,
			);
			defaultConfigurationIsVisible = 0;
			defaultConfigurationName = Release;
		};
		CBCD43F729F055970057CBEA /* Build configuration list for PBXNativeTarget "bambooTests" */ = {
			isa = XCConfigurationList;
			buildConfigurations = (
				CBCD43F829F055970057CBEA /* Debug */,
				CBCD43F929F055970057CBEA /* Release */,
			);
			defaultConfigurationIsVisible = 0;
			defaultConfigurationName = Release;
		};
		CBCD43FA29F055970057CBEA /* Build configuration list for PBXNativeTarget "bambooUITests" */ = {
			isa = XCConfigurationList;
			buildConfigurations = (
				CBCD43FB29F055970057CBEA /* Debug */,
				CBCD43FC29F055970057CBEA /* Release */,
			);
			defaultConfigurationIsVisible = 0;
			defaultConfigurationName = Release;
		};
/* End XCConfigurationList section */
	};
	rootObject = CBCD43C229F055950057CBEA /* Project object */;
}
